// !$*UTF8*$!
{
	archiveVersion = 1;
	classes = {
	};
	objectVersion = 46;
	objects = {

/* Begin PBXBuildFile section */
		B80AE25D1F5D9AAE00A81E75 /* Main.storyboard in Resources */ = {isa = PBXBuildFile; fileRef = B86EE3491F5D0B6D00FB6195 /* Main.storyboard */; };
		B80AE2611F5DA39700A81E75 /* Article.xib in Resources */ = {isa = PBXBuildFile; fileRef = B80AE2601F5DA39700A81E75 /* Article.xib */; };
		B80AE2621F5DA39700A81E75 /* Article.xib in Resources */ = {isa = PBXBuildFile; fileRef = B80AE2601F5DA39700A81E75 /* Article.xib */; };
		B83020521F5D12390014B165 /* ShareViewController.swift in Sources */ = {isa = PBXBuildFile; fileRef = B83020511F5D12390014B165 /* ShareViewController.swift */; };
		B83020551F5D12390014B165 /* MainInterface.storyboard in Resources */ = {isa = PBXBuildFile; fileRef = B83020531F5D12390014B165 /* MainInterface.storyboard */; };
		B83020591F5D12390014B165 /* YanShare.appex in Embed App Extensions */ = {isa = PBXBuildFile; fileRef = B830204F1F5D12390014B165 /* YanShare.appex */; settings = {ATTRIBUTES = (RemoveHeadersOnCopy, ); }; };
		B830205F1F5D129E0014B165 /* GetURL.js in Resources */ = {isa = PBXBuildFile; fileRef = B830205E1F5D129E0014B165 /* GetURL.js */; };
		B83020661F5D143C0014B165 /* Alamofire.framework in Frameworks */ = {isa = PBXBuildFile; fileRef = B83020641F5D143C0014B165 /* Alamofire.framework */; };
		B83020671F5D143C0014B165 /* SwiftyJSON.framework in Frameworks */ = {isa = PBXBuildFile; fileRef = B83020651F5D143C0014B165 /* SwiftyJSON.framework */; };
		B83020681F5D14490014B165 /* Alamofire.framework in Frameworks */ = {isa = PBXBuildFile; fileRef = B83020641F5D143C0014B165 /* Alamofire.framework */; };
		B83020691F5D14490014B165 /* Alamofire.framework in Embed Frameworks */ = {isa = PBXBuildFile; fileRef = B83020641F5D143C0014B165 /* Alamofire.framework */; settings = {ATTRIBUTES = (CodeSignOnCopy, RemoveHeadersOnCopy, ); }; };
		B830206A1F5D14490014B165 /* SwiftyJSON.framework in Frameworks */ = {isa = PBXBuildFile; fileRef = B83020651F5D143C0014B165 /* SwiftyJSON.framework */; };
		B830206B1F5D14490014B165 /* SwiftyJSON.framework in Embed Frameworks */ = {isa = PBXBuildFile; fileRef = B83020651F5D143C0014B165 /* SwiftyJSON.framework */; settings = {ATTRIBUTES = (CodeSignOnCopy, RemoveHeadersOnCopy, ); }; };
		B84495061F5D48CB004DEC7E /* Article.swift in Sources */ = {isa = PBXBuildFile; fileRef = B84495051F5D48CB004DEC7E /* Article.swift */; };
		B84495071F5D48CB004DEC7E /* Article.swift in Sources */ = {isa = PBXBuildFile; fileRef = B84495051F5D48CB004DEC7E /* Article.swift */; };
		B844950D1F5D7B49004DEC7E /* NextPageLoaderCell.xib in Resources */ = {isa = PBXBuildFile; fileRef = B844950A1F5D7B49004DEC7E /* NextPageLoaderCell.xib */; };
		B844950E1F5D7B49004DEC7E /* NextPageLoaderCell.xib in Resources */ = {isa = PBXBuildFile; fileRef = B844950A1F5D7B49004DEC7E /* NextPageLoaderCell.xib */; };
		B844950F1F5D7B49004DEC7E /* NoResultsLoadingView.xib in Resources */ = {isa = PBXBuildFile; fileRef = B844950B1F5D7B49004DEC7E /* NoResultsLoadingView.xib */; };
		B84495101F5D7B49004DEC7E /* NoResultsLoadingView.xib in Resources */ = {isa = PBXBuildFile; fileRef = B844950B1F5D7B49004DEC7E /* NoResultsLoadingView.xib */; };
		B84495111F5D7B49004DEC7E /* NoResultsView.xib in Resources */ = {isa = PBXBuildFile; fileRef = B844950C1F5D7B49004DEC7E /* NoResultsView.xib */; };
		B84495121F5D7B49004DEC7E /* NoResultsView.xib in Resources */ = {isa = PBXBuildFile; fileRef = B844950C1F5D7B49004DEC7E /* NoResultsView.xib */; };
		B84495151F5D7BB2004DEC7E /* JTFullTableViewController.swift in Sources */ = {isa = PBXBuildFile; fileRef = B84495131F5D7BB2004DEC7E /* JTFullTableViewController.swift */; };
		B84495161F5D7BB2004DEC7E /* JTFullTableViewController.swift in Sources */ = {isa = PBXBuildFile; fileRef = B84495131F5D7BB2004DEC7E /* JTFullTableViewController.swift */; };
		B84495171F5D7BB2004DEC7E /* JTTableViewController.swift in Sources */ = {isa = PBXBuildFile; fileRef = B84495141F5D7BB2004DEC7E /* JTTableViewController.swift */; };
		B84495181F5D7BB2004DEC7E /* JTTableViewController.swift in Sources */ = {isa = PBXBuildFile; fileRef = B84495141F5D7BB2004DEC7E /* JTTableViewController.swift */; };
		B844951A1F5D7BC0004DEC7E /* FakeService.swift in Sources */ = {isa = PBXBuildFile; fileRef = B84495191F5D7BC0004DEC7E /* FakeService.swift */; };
		B844951B1F5D7BC0004DEC7E /* FakeService.swift in Sources */ = {isa = PBXBuildFile; fileRef = B84495191F5D7BC0004DEC7E /* FakeService.swift */; };
		B844951D1F5D83C6004DEC7E /* ArticleViewController.swift in Sources */ = {isa = PBXBuildFile; fileRef = B844951C1F5D83C6004DEC7E /* ArticleViewController.swift */; };
		B844951E1F5D83C6004DEC7E /* ArticleViewController.swift in Sources */ = {isa = PBXBuildFile; fileRef = B844951C1F5D83C6004DEC7E /* ArticleViewController.swift */; };
		B86EE3461F5D0B6D00FB6195 /* AppDelegate.swift in Sources */ = {isa = PBXBuildFile; fileRef = B86EE3451F5D0B6D00FB6195 /* AppDelegate.swift */; };
		B86EE3481F5D0B6D00FB6195 /* MainViewController.swift in Sources */ = {isa = PBXBuildFile; fileRef = B86EE3471F5D0B6D00FB6195 /* MainViewController.swift */; };
		B86EE34B1F5D0B6D00FB6195 /* Main.storyboard in Resources */ = {isa = PBXBuildFile; fileRef = B86EE3491F5D0B6D00FB6195 /* Main.storyboard */; };
		B86EE34D1F5D0B6D00FB6195 /* Assets.xcassets in Resources */ = {isa = PBXBuildFile; fileRef = B86EE34C1F5D0B6D00FB6195 /* Assets.xcassets */; };
		B86EE3501F5D0B6D00FB6195 /* LaunchScreen.storyboard in Resources */ = {isa = PBXBuildFile; fileRef = B86EE34E1F5D0B6D00FB6195 /* LaunchScreen.storyboard */; };
		B86EE3581F5D0B7B00FB6195 /* piano.mp3 in Resources */ = {isa = PBXBuildFile; fileRef = B86EE3571F5D0B7B00FB6195 /* piano.mp3 */; };
		B897C5691F5D35CA003319A5 /* LogInViewController.swift in Sources */ = {isa = PBXBuildFile; fileRef = B897C5681F5D35CA003319A5 /* LogInViewController.swift */; };
		B897C56A1F5D35CA003319A5 /* LogInViewController.swift in Sources */ = {isa = PBXBuildFile; fileRef = B897C5681F5D35CA003319A5 /* LogInViewController.swift */; };
		B897C56E1F5D3686003319A5 /* AMInputView.swift in Sources */ = {isa = PBXBuildFile; fileRef = B897C56C1F5D3686003319A5 /* AMInputView.swift */; };
		B897C56F1F5D3686003319A5 /* AMInputView.swift in Sources */ = {isa = PBXBuildFile; fileRef = B897C56C1F5D3686003319A5 /* AMInputView.swift */; };
		B897C5701F5D3686003319A5 /* AMInputView.xib in Resources */ = {isa = PBXBuildFile; fileRef = B897C56D1F5D3686003319A5 /* AMInputView.xib */; };
		B897C5711F5D3686003319A5 /* AMInputView.xib in Resources */ = {isa = PBXBuildFile; fileRef = B897C56D1F5D3686003319A5 /* AMInputView.xib */; };
		B897C5721F5D3AFA003319A5 /* MainViewController.swift in Sources */ = {isa = PBXBuildFile; fileRef = B86EE3471F5D0B6D00FB6195 /* MainViewController.swift */; };
		B8B1B8351F5EF55800A8C941 /* SwipeCellKit.framework in Frameworks */ = {isa = PBXBuildFile; fileRef = B8B1B8341F5EF55800A8C941 /* SwipeCellKit.framework */; };
		B8B1B8361F5EF58F00A8C941 /* SwipeCellKit.framework in Embed Frameworks */ = {isa = PBXBuildFile; fileRef = B8B1B8341F5EF55800A8C941 /* SwipeCellKit.framework */; settings = {ATTRIBUTES = (CodeSignOnCopy, RemoveHeadersOnCopy, ); }; };
/* End PBXBuildFile section */

/* Begin PBXContainerItemProxy section */
		B83020571F5D12390014B165 /* PBXContainerItemProxy */ = {
			isa = PBXContainerItemProxy;
			containerPortal = B86EE33A1F5D0B6D00FB6195 /* Project object */;
			proxyType = 1;
			remoteGlobalIDString = B830204E1F5D12390014B165;
			remoteInfo = YanShare;
		};
/* End PBXContainerItemProxy section */

/* Begin PBXCopyFilesBuildPhase section */
		B830205D1F5D12390014B165 /* Embed App Extensions */ = {
			isa = PBXCopyFilesBuildPhase;
			buildActionMask = 2147483647;
			dstPath = "";
			dstSubfolderSpec = 13;
			files = (
				B83020591F5D12390014B165 /* YanShare.appex in Embed App Extensions */,
			);
			name = "Embed App Extensions";
			runOnlyForDeploymentPostprocessing = 0;
		};
		B830206C1F5D14490014B165 /* Embed Frameworks */ = {
			isa = PBXCopyFilesBuildPhase;
			buildActionMask = 2147483647;
			dstPath = "";
			dstSubfolderSpec = 10;
			files = (
				B8B1B8361F5EF58F00A8C941 /* SwipeCellKit.framework in Embed Frameworks */,
				B830206B1F5D14490014B165 /* SwiftyJSON.framework in Embed Frameworks */,
				B83020691F5D14490014B165 /* Alamofire.framework in Embed Frameworks */,
			);
			name = "Embed Frameworks";
			runOnlyForDeploymentPostprocessing = 0;
		};
/* End PBXCopyFilesBuildPhase section */

/* Begin PBXFileReference section */
		B80AE2601F5DA39700A81E75 /* Article.xib */ = {isa = PBXFileReference; fileEncoding = 4; lastKnownFileType = file.xib; path = Article.xib; sourceTree = "<group>"; };
		B830204F1F5D12390014B165 /* YanShare.appex */ = {isa = PBXFileReference; explicitFileType = "wrapper.app-extension"; includeInIndex = 0; path = YanShare.appex; sourceTree = BUILT_PRODUCTS_DIR; };
		B83020511F5D12390014B165 /* ShareViewController.swift */ = {isa = PBXFileReference; lastKnownFileType = sourcecode.swift; path = ShareViewController.swift; sourceTree = "<group>"; };
		B83020541F5D12390014B165 /* Base */ = {isa = PBXFileReference; lastKnownFileType = file.storyboard; name = Base; path = Base.lproj/MainInterface.storyboard; sourceTree = "<group>"; };
		B83020561F5D12390014B165 /* Info.plist */ = {isa = PBXFileReference; lastKnownFileType = text.plist.xml; path = Info.plist; sourceTree = "<group>"; };
		B830205E1F5D129E0014B165 /* GetURL.js */ = {isa = PBXFileReference; fileEncoding = 4; lastKnownFileType = sourcecode.javascript; path = GetURL.js; sourceTree = "<group>"; };
		B83020641F5D143C0014B165 /* Alamofire.framework */ = {isa = PBXFileReference; lastKnownFileType = wrapper.framework; name = Alamofire.framework; path = Carthage/Build/iOS/Alamofire.framework; sourceTree = "<group>"; };
		B83020651F5D143C0014B165 /* SwiftyJSON.framework */ = {isa = PBXFileReference; lastKnownFileType = wrapper.framework; name = SwiftyJSON.framework; path = Carthage/Build/iOS/SwiftyJSON.framework; sourceTree = "<group>"; };
		B84495051F5D48CB004DEC7E /* Article.swift */ = {isa = PBXFileReference; fileEncoding = 4; lastKnownFileType = sourcecode.swift; path = Article.swift; sourceTree = "<group>"; };
		B844950A1F5D7B49004DEC7E /* NextPageLoaderCell.xib */ = {isa = PBXFileReference; fileEncoding = 4; lastKnownFileType = file.xib; path = NextPageLoaderCell.xib; sourceTree = "<group>"; };
		B844950B1F5D7B49004DEC7E /* NoResultsLoadingView.xib */ = {isa = PBXFileReference; fileEncoding = 4; lastKnownFileType = file.xib; path = NoResultsLoadingView.xib; sourceTree = "<group>"; };
		B844950C1F5D7B49004DEC7E /* NoResultsView.xib */ = {isa = PBXFileReference; fileEncoding = 4; lastKnownFileType = file.xib; path = NoResultsView.xib; sourceTree = "<group>"; };
		B84495131F5D7BB2004DEC7E /* JTFullTableViewController.swift */ = {isa = PBXFileReference; fileEncoding = 4; lastKnownFileType = sourcecode.swift; path = JTFullTableViewController.swift; sourceTree = "<group>"; };
		B84495141F5D7BB2004DEC7E /* JTTableViewController.swift */ = {isa = PBXFileReference; fileEncoding = 4; lastKnownFileType = sourcecode.swift; path = JTTableViewController.swift; sourceTree = "<group>"; };
		B84495191F5D7BC0004DEC7E /* FakeService.swift */ = {isa = PBXFileReference; fileEncoding = 4; lastKnownFileType = sourcecode.swift; name = FakeService.swift; path = AMInputView/FakeService.swift; sourceTree = "<group>"; };
		B844951C1F5D83C6004DEC7E /* ArticleViewController.swift */ = {isa = PBXFileReference; fileEncoding = 4; lastKnownFileType = sourcecode.swift; path = ArticleViewController.swift; sourceTree = "<group>"; };
		B86EE3421F5D0B6D00FB6195 /* Yan.app */ = {isa = PBXFileReference; explicitFileType = wrapper.application; includeInIndex = 0; path = Yan.app; sourceTree = BUILT_PRODUCTS_DIR; };
		B86EE3451F5D0B6D00FB6195 /* AppDelegate.swift */ = {isa = PBXFileReference; lastKnownFileType = sourcecode.swift; path = AppDelegate.swift; sourceTree = "<group>"; };
		B86EE3471F5D0B6D00FB6195 /* MainViewController.swift */ = {isa = PBXFileReference; lastKnownFileType = sourcecode.swift; path = MainViewController.swift; sourceTree = "<group>"; };
		B86EE34A1F5D0B6D00FB6195 /* Base */ = {isa = PBXFileReference; lastKnownFileType = file.storyboard; name = Base; path = Base.lproj/Main.storyboard; sourceTree = "<group>"; };
		B86EE34C1F5D0B6D00FB6195 /* Assets.xcassets */ = {isa = PBXFileReference; lastKnownFileType = folder.assetcatalog; path = Assets.xcassets; sourceTree = "<group>"; };
		B86EE34F1F5D0B6D00FB6195 /* Base */ = {isa = PBXFileReference; lastKnownFileType = file.storyboard; name = Base; path = Base.lproj/LaunchScreen.storyboard; sourceTree = "<group>"; };
		B86EE3511F5D0B6D00FB6195 /* Info.plist */ = {isa = PBXFileReference; lastKnownFileType = text.plist.xml; path = Info.plist; sourceTree = "<group>"; };
		B86EE3571F5D0B7B00FB6195 /* piano.mp3 */ = {isa = PBXFileReference; lastKnownFileType = audio.mp3; path = piano.mp3; sourceTree = "<group>"; };
		B897C5681F5D35CA003319A5 /* LogInViewController.swift */ = {isa = PBXFileReference; fileEncoding = 4; lastKnownFileType = sourcecode.swift; path = LogInViewController.swift; sourceTree = "<group>"; };
		B897C56C1F5D3686003319A5 /* AMInputView.swift */ = {isa = PBXFileReference; fileEncoding = 4; lastKnownFileType = sourcecode.swift; path = AMInputView.swift; sourceTree = "<group>"; };
		B897C56D1F5D3686003319A5 /* AMInputView.xib */ = {isa = PBXFileReference; fileEncoding = 4; lastKnownFileType = file.xib; path = AMInputView.xib; sourceTree = "<group>"; };
		B8B1B8341F5EF55800A8C941 /* SwipeCellKit.framework */ = {isa = PBXFileReference; lastKnownFileType = wrapper.framework; name = SwipeCellKit.framework; path = Carthage/Build/iOS/SwipeCellKit.framework; sourceTree = "<group>"; };
		B8FC18671F5E8DDF00BE6C8A /* index.js */ = {isa = PBXFileReference; lastKnownFileType = sourcecode.javascript; path = index.js; sourceTree = "<group>"; };
		B8FC26131F5E8DE600BE6C8A /* package-lock.json */ = {isa = PBXFileReference; lastKnownFileType = text.json; path = "package-lock.json"; sourceTree = "<group>"; };
		B8FC26141F5E8DE600BE6C8A /* package.json */ = {isa = PBXFileReference; lastKnownFileType = text.json; path = package.json; sourceTree = "<group>"; };
/* End PBXFileReference section */

/* Begin PBXFrameworksBuildPhase section */
		B830204C1F5D12390014B165 /* Frameworks */ = {
			isa = PBXFrameworksBuildPhase;
			buildActionMask = 2147483647;
			files = (
				B83020661F5D143C0014B165 /* Alamofire.framework in Frameworks */,
				B83020671F5D143C0014B165 /* SwiftyJSON.framework in Frameworks */,
			);
			runOnlyForDeploymentPostprocessing = 0;
		};
		B86EE33F1F5D0B6D00FB6195 /* Frameworks */ = {
			isa = PBXFrameworksBuildPhase;
			buildActionMask = 2147483647;
			files = (
				B8B1B8351F5EF55800A8C941 /* SwipeCellKit.framework in Frameworks */,
				B830206A1F5D14490014B165 /* SwiftyJSON.framework in Frameworks */,
				B83020681F5D14490014B165 /* Alamofire.framework in Frameworks */,
			);
			runOnlyForDeploymentPostprocessing = 0;
		};
/* End PBXFrameworksBuildPhase section */

/* Begin PBXGroup section */
		B83020501F5D12390014B165 /* YanShare */ = {
			isa = PBXGroup;
			children = (
				B83020511F5D12390014B165 /* ShareViewController.swift */,
				B83020531F5D12390014B165 /* MainInterface.storyboard */,
				B83020561F5D12390014B165 /* Info.plist */,
				B830205E1F5D129E0014B165 /* GetURL.js */,
			);
			path = YanShare;
			sourceTree = "<group>";
		};
		B83020631F5D143C0014B165 /* Frameworks */ = {
			isa = PBXGroup;
			children = (
				B8B1B8341F5EF55800A8C941 /* SwipeCellKit.framework */,
				B83020641F5D143C0014B165 /* Alamofire.framework */,
				B83020651F5D143C0014B165 /* SwiftyJSON.framework */,
			);
			name = Frameworks;
			sourceTree = "<group>";
		};
		B86EE3391F5D0B6D00FB6195 = {
			isa = PBXGroup;
			children = (
				B8FC18661F5E8DDF00BE6C8A /* server */,
				B86EE3441F5D0B6D00FB6195 /* Yan */,
				B83020501F5D12390014B165 /* YanShare */,
				B86EE3431F5D0B6D00FB6195 /* Products */,
				B83020631F5D143C0014B165 /* Frameworks */,
			);
			sourceTree = "<group>";
		};
		B86EE3431F5D0B6D00FB6195 /* Products */ = {
			isa = PBXGroup;
			children = (
				B86EE3421F5D0B6D00FB6195 /* Yan.app */,
				B830204F1F5D12390014B165 /* YanShare.appex */,
			);
			name = Products;
			sourceTree = "<group>";
		};
		B86EE3441F5D0B6D00FB6195 /* Yan */ = {
			isa = PBXGroup;
			children = (
				B844950A1F5D7B49004DEC7E /* NextPageLoaderCell.xib */,
				B844950B1F5D7B49004DEC7E /* NoResultsLoadingView.xib */,
				B844950C1F5D7B49004DEC7E /* NoResultsView.xib */,
				B84495131F5D7BB2004DEC7E /* JTFullTableViewController.swift */,
				B84495141F5D7BB2004DEC7E /* JTTableViewController.swift */,
				B86EE3571F5D0B7B00FB6195 /* piano.mp3 */,
				B84495191F5D7BC0004DEC7E /* FakeService.swift */,
				B897C56B1F5D3686003319A5 /* AMInputView */,
				B86EE3451F5D0B6D00FB6195 /* AppDelegate.swift */,
				B897C5681F5D35CA003319A5 /* LogInViewController.swift */,
				B86EE3471F5D0B6D00FB6195 /* MainViewController.swift */,
				B86EE3491F5D0B6D00FB6195 /* Main.storyboard */,
				B844951C1F5D83C6004DEC7E /* ArticleViewController.swift */,
				B80AE2601F5DA39700A81E75 /* Article.xib */,
				B86EE34C1F5D0B6D00FB6195 /* Assets.xcassets */,
				B86EE34E1F5D0B6D00FB6195 /* LaunchScreen.storyboard */,
				B86EE3511F5D0B6D00FB6195 /* Info.plist */,
				B84495051F5D48CB004DEC7E /* Article.swift */,
			);
			path = Yan;
			sourceTree = "<group>";
		};
		B897C56B1F5D3686003319A5 /* AMInputView */ = {
			isa = PBXGroup;
			children = (
				B897C56C1F5D3686003319A5 /* AMInputView.swift */,
				B897C56D1F5D3686003319A5 /* AMInputView.xib */,
			);
			path = AMInputView;
			sourceTree = "<group>";
		};
		B8FC18661F5E8DDF00BE6C8A /* server */ = {
			isa = PBXGroup;
			children = (
				B8FC18671F5E8DDF00BE6C8A /* index.js */,
				B8FC26131F5E8DE600BE6C8A /* package-lock.json */,
				B8FC26141F5E8DE600BE6C8A /* package.json */,
			);
			path = server;
			sourceTree = "<group>";
		};
/* End PBXGroup section */

/* Begin PBXNativeTarget section */
		B830204E1F5D12390014B165 /* YanShare */ = {
			isa = PBXNativeTarget;
			buildConfigurationList = B830205C1F5D12390014B165 /* Build configuration list for PBXNativeTarget "YanShare" */;
			buildPhases = (
				B830204B1F5D12390014B165 /* Sources */,
				B830204C1F5D12390014B165 /* Frameworks */,
				B830204D1F5D12390014B165 /* Resources */,
			);
			buildRules = (
			);
			dependencies = (
			);
			name = YanShare;
			productName = YanShare;
			productReference = B830204F1F5D12390014B165 /* YanShare.appex */;
			productType = "com.apple.product-type.app-extension";
		};
		B86EE3411F5D0B6D00FB6195 /* Yan */ = {
			isa = PBXNativeTarget;
			buildConfigurationList = B86EE3541F5D0B6D00FB6195 /* Build configuration list for PBXNativeTarget "Yan" */;
			buildPhases = (
				B86EE33E1F5D0B6D00FB6195 /* Sources */,
				B86EE33F1F5D0B6D00FB6195 /* Frameworks */,
				B86EE3401F5D0B6D00FB6195 /* Resources */,
				B830205D1F5D12390014B165 /* Embed App Extensions */,
				B830206C1F5D14490014B165 /* Embed Frameworks */,
			);
			buildRules = (
			);
			dependencies = (
				B83020581F5D12390014B165 /* PBXTargetDependency */,
			);
			name = Yan;
			productName = Yan;
			productReference = B86EE3421F5D0B6D00FB6195 /* Yan.app */;
			productType = "com.apple.product-type.application";
		};
/* End PBXNativeTarget section */

/* Begin PBXProject section */
		B86EE33A1F5D0B6D00FB6195 /* Project object */ = {
			isa = PBXProject;
			attributes = {
				LastSwiftUpdateCheck = 0800;
				LastUpgradeCheck = 0800;
				ORGANIZATIONNAME = toeinriver;
				TargetAttributes = {
					B830204E1F5D12390014B165 = {
						CreatedOnToolsVersion = 8.0;
						DevelopmentTeam = 5LNF6678VM;
						ProvisioningStyle = Automatic;
					};
					B86EE3411F5D0B6D00FB6195 = {
						CreatedOnToolsVersion = 8.0;
						DevelopmentTeam = 5LNF6678VM;
						ProvisioningStyle = Automatic;
					};
				};
			};
			buildConfigurationList = B86EE33D1F5D0B6D00FB6195 /* Build configuration list for PBXProject "Yan" */;
			compatibilityVersion = "Xcode 3.2";
			developmentRegion = English;
			hasScannedForEncodings = 0;
			knownRegions = (
				en,
				Base,
			);
			mainGroup = B86EE3391F5D0B6D00FB6195;
			productRefGroup = B86EE3431F5D0B6D00FB6195 /* Products */;
			projectDirPath = "";
			projectRoot = "";
			targets = (
				B86EE3411F5D0B6D00FB6195 /* Yan */,
				B830204E1F5D12390014B165 /* YanShare */,
			);
		};
/* End PBXProject section */

/* Begin PBXResourcesBuildPhase section */
		B830204D1F5D12390014B165 /* Resources */ = {
			isa = PBXResourcesBuildPhase;
			buildActionMask = 2147483647;
			files = (
				B80AE25D1F5D9AAE00A81E75 /* Main.storyboard in Resources */,
				B897C5711F5D3686003319A5 /* AMInputView.xib in Resources */,
				B83020551F5D12390014B165 /* MainInterface.storyboard in Resources */,
				B844950E1F5D7B49004DEC7E /* NextPageLoaderCell.xib in Resources */,
				B80AE2621F5DA39700A81E75 /* Article.xib in Resources */,
				B830205F1F5D129E0014B165 /* GetURL.js in Resources */,
				B84495121F5D7B49004DEC7E /* NoResultsView.xib in Resources */,
				B84495101F5D7B49004DEC7E /* NoResultsLoadingView.xib in Resources */,
			);
			runOnlyForDeploymentPostprocessing = 0;
		};
		B86EE3401F5D0B6D00FB6195 /* Resources */ = {
			isa = PBXResourcesBuildPhase;
			buildActionMask = 2147483647;
			files = (
				B86EE3501F5D0B6D00FB6195 /* LaunchScreen.storyboard in Resources */,
				B844950F1F5D7B49004DEC7E /* NoResultsLoadingView.xib in Resources */,
				B86EE34D1F5D0B6D00FB6195 /* Assets.xcassets in Resources */,
				B897C5701F5D3686003319A5 /* AMInputView.xib in Resources */,
				B80AE2611F5DA39700A81E75 /* Article.xib in Resources */,
				B84495111F5D7B49004DEC7E /* NoResultsView.xib in Resources */,
				B86EE3581F5D0B7B00FB6195 /* piano.mp3 in Resources */,
				B844950D1F5D7B49004DEC7E /* NextPageLoaderCell.xib in Resources */,
				B86EE34B1F5D0B6D00FB6195 /* Main.storyboard in Resources */,
			);
			runOnlyForDeploymentPostprocessing = 0;
		};
/* End PBXResourcesBuildPhase section */

/* Begin PBXSourcesBuildPhase section */
		B830204B1F5D12390014B165 /* Sources */ = {
			isa = PBXSourcesBuildPhase;
			buildActionMask = 2147483647;
			files = (
				B897C56F1F5D3686003319A5 /* AMInputView.swift in Sources */,
				B897C56A1F5D35CA003319A5 /* LogInViewController.swift in Sources */,
				B897C5721F5D3AFA003319A5 /* MainViewController.swift in Sources */,
				B84495181F5D7BB2004DEC7E /* JTTableViewController.swift in Sources */,
				B844951E1F5D83C6004DEC7E /* ArticleViewController.swift in Sources */,
				B844951B1F5D7BC0004DEC7E /* FakeService.swift in Sources */,
				B83020521F5D12390014B165 /* ShareViewController.swift in Sources */,
				B84495161F5D7BB2004DEC7E /* JTFullTableViewController.swift in Sources */,
				B84495071F5D48CB004DEC7E /* Article.swift in Sources */,
			);
			runOnlyForDeploymentPostprocessing = 0;
		};
		B86EE33E1F5D0B6D00FB6195 /* Sources */ = {
			isa = PBXSourcesBuildPhase;
			buildActionMask = 2147483647;
			files = (
				B86EE3481F5D0B6D00FB6195 /* MainViewController.swift in Sources */,
				B897C56E1F5D3686003319A5 /* AMInputView.swift in Sources */,
				B86EE3461F5D0B6D00FB6195 /* AppDelegate.swift in Sources */,
				B84495171F5D7BB2004DEC7E /* JTTableViewController.swift in Sources */,
				B844951D1F5D83C6004DEC7E /* ArticleViewController.swift in Sources */,
				B844951A1F5D7BC0004DEC7E /* FakeService.swift in Sources */,
				B897C5691F5D35CA003319A5 /* LogInViewController.swift in Sources */,
				B84495151F5D7BB2004DEC7E /* JTFullTableViewController.swift in Sources */,
				B84495061F5D48CB004DEC7E /* Article.swift in Sources */,
			);
			runOnlyForDeploymentPostprocessing = 0;
		};
/* End PBXSourcesBuildPhase section */

/* Begin PBXTargetDependency section */
		B83020581F5D12390014B165 /* PBXTargetDependency */ = {
			isa = PBXTargetDependency;
			target = B830204E1F5D12390014B165 /* YanShare */;
			targetProxy = B83020571F5D12390014B165 /* PBXContainerItemProxy */;
		};
/* End PBXTargetDependency section */

/* Begin PBXVariantGroup section */
		B83020531F5D12390014B165 /* MainInterface.storyboard */ = {
			isa = PBXVariantGroup;
			children = (
				B83020541F5D12390014B165 /* Base */,
			);
			name = MainInterface.storyboard;
			sourceTree = "<group>";
		};
		B86EE3491F5D0B6D00FB6195 /* Main.storyboard */ = {
			isa = PBXVariantGroup;
			children = (
				B86EE34A1F5D0B6D00FB6195 /* Base */,
			);
			name = Main.storyboard;
			sourceTree = "<group>";
		};
		B86EE34E1F5D0B6D00FB6195 /* LaunchScreen.storyboard */ = {
			isa = PBXVariantGroup;
			children = (
				B86EE34F1F5D0B6D00FB6195 /* Base */,
			);
			name = LaunchScreen.storyboard;
			sourceTree = "<group>";
		};
/* End PBXVariantGroup section */

/* Begin XCBuildConfiguration section */
		B830205A1F5D12390014B165 /* Debug */ = {
			isa = XCBuildConfiguration;
			buildSettings = {
				DEVELOPMENT_TEAM = 5LNF6678VM;
				FRAMEWORK_SEARCH_PATHS = (
					"$(inherited)",
					"$(PROJECT_DIR)/Carthage/Build/iOS",
				);
				INFOPLIST_FILE = YanShare/Info.plist;
				LD_RUNPATH_SEARCH_PATHS = "$(inherited) @executable_path/Frameworks @executable_path/../../Frameworks";
				PRODUCT_BUNDLE_IDENTIFIER = ApolloMillennium.Yan.YanShare;
				PRODUCT_NAME = "$(TARGET_NAME)";
				SKIP_INSTALL = YES;
				SWIFT_VERSION = 3.0;
			};
			name = Debug;
		};
		B830205B1F5D12390014B165 /* Release */ = {
			isa = XCBuildConfiguration;
			buildSettings = {
				DEVELOPMENT_TEAM = 5LNF6678VM;
				FRAMEWORK_SEARCH_PATHS = (
					"$(inherited)",
					"$(PROJECT_DIR)/Carthage/Build/iOS",
				);
				INFOPLIST_FILE = YanShare/Info.plist;
				LD_RUNPATH_SEARCH_PATHS = "$(inherited) @executable_path/Frameworks @executable_path/../../Frameworks";
				PRODUCT_BUNDLE_IDENTIFIER = ApolloMillennium.Yan.YanShare;
				PRODUCT_NAME = "$(TARGET_NAME)";
				SKIP_INSTALL = YES;
				SWIFT_VERSION = 3.0;
			};
			name = Release;
		};
		B86EE3521F5D0B6D00FB6195 /* Debug */ = {
			isa = XCBuildConfiguration;
			buildSettings = {
				ALWAYS_SEARCH_USER_PATHS = NO;
				CLANG_ANALYZER_NONNULL = YES;
				CLANG_CXX_LANGUAGE_STANDARD = "gnu++0x";
				CLANG_CXX_LIBRARY = "libc++";
				CLANG_ENABLE_MODULES = YES;
				CLANG_ENABLE_OBJC_ARC = YES;
				CLANG_WARN_BOOL_CONVERSION = YES;
				CLANG_WARN_CONSTANT_CONVERSION = YES;
				CLANG_WARN_DIRECT_OBJC_ISA_USAGE = YES_ERROR;
				CLANG_WARN_DOCUMENTATION_COMMENTS = YES;
				CLANG_WARN_EMPTY_BODY = YES;
				CLANG_WARN_ENUM_CONVERSION = YES;
				CLANG_WARN_INFINITE_RECURSION = YES;
				CLANG_WARN_INT_CONVERSION = YES;
				CLANG_WARN_OBJC_ROOT_CLASS = YES_ERROR;
				CLANG_WARN_SUSPICIOUS_MOVES = YES;
				CLANG_WARN_UNREACHABLE_CODE = YES;
				CLANG_WARN__DUPLICATE_METHOD_MATCH = YES;
				"CODE_SIGN_IDENTITY[sdk=iphoneos*]" = "iPhone Developer";
				COPY_PHASE_STRIP = NO;
				DEBUG_INFORMATION_FORMAT = dwarf;
				ENABLE_STRICT_OBJC_MSGSEND = YES;
				ENABLE_TESTABILITY = YES;
				GCC_C_LANGUAGE_STANDARD = gnu99;
				GCC_DYNAMIC_NO_PIC = NO;
				GCC_NO_COMMON_BLOCKS = YES;
				GCC_OPTIMIZATION_LEVEL = 0;
				GCC_PREPROCESSOR_DEFINITIONS = (
					"DEBUG=1",
					"$(inherited)",
				);
				GCC_WARN_64_TO_32_BIT_CONVERSION = YES;
				GCC_WARN_ABOUT_RETURN_TYPE = YES_ERROR;
				GCC_WARN_UNDECLARED_SELECTOR = YES;
				GCC_WARN_UNINITIALIZED_AUTOS = YES_AGGRESSIVE;
				GCC_WARN_UNUSED_FUNCTION = YES;
				GCC_WARN_UNUSED_VARIABLE = YES;
				IPHONEOS_DEPLOYMENT_TARGET = 10.0;
				MTL_ENABLE_DEBUG_INFO = YES;
				ONLY_ACTIVE_ARCH = YES;
				SDKROOT = iphoneos;
				SWIFT_ACTIVE_COMPILATION_CONDITIONS = DEBUG;
				SWIFT_OPTIMIZATION_LEVEL = "-Onone";
			};
			name = Debug;
		};
		B86EE3531F5D0B6D00FB6195 /* Release */ = {
			isa = XCBuildConfiguration;
			buildSettings = {
				ALWAYS_SEARCH_USER_PATHS = NO;
				CLANG_ANALYZER_NONNULL = YES;
				CLANG_CXX_LANGUAGE_STANDARD = "gnu++0x";
				CLANG_CXX_LIBRARY = "libc++";
				CLANG_ENABLE_MODULES = YES;
				CLANG_ENABLE_OBJC_ARC = YES;
				CLANG_WARN_BOOL_CONVERSION = YES;
				CLANG_WARN_CONSTANT_CONVERSION = YES;
				CLANG_WARN_DIRECT_OBJC_ISA_USAGE = YES_ERROR;
				CLANG_WARN_DOCUMENTATION_COMMENTS = YES;
				CLANG_WARN_EMPTY_BODY = YES;
				CLANG_WARN_ENUM_CONVERSION = YES;
				CLANG_WARN_INFINITE_RECURSION = YES;
				CLANG_WARN_INT_CONVERSION = YES;
				CLANG_WARN_OBJC_ROOT_CLASS = YES_ERROR;
				CLANG_WARN_SUSPICIOUS_MOVES = YES;
				CLANG_WARN_UNREACHABLE_CODE = YES;
				CLANG_WARN__DUPLICATE_METHOD_MATCH = YES;
				"CODE_SIGN_IDENTITY[sdk=iphoneos*]" = "iPhone Developer";
				COPY_PHASE_STRIP = NO;
				DEBUG_INFORMATION_FORMAT = "dwarf-with-dsym";
				ENABLE_NS_ASSERTIONS = NO;
				ENABLE_STRICT_OBJC_MSGSEND = YES;
				GCC_C_LANGUAGE_STANDARD = gnu99;
				GCC_NO_COMMON_BLOCKS = YES;
				GCC_WARN_64_TO_32_BIT_CONVERSION = YES;
				GCC_WARN_ABOUT_RETURN_TYPE = YES_ERROR;
				GCC_WARN_UNDECLARED_SELECTOR = YES;
				GCC_WARN_UNINITIALIZED_AUTOS = YES_AGGRESSIVE;
				GCC_WARN_UNUSED_FUNCTION = YES;
				GCC_WARN_UNUSED_VARIABLE = YES;
				IPHONEOS_DEPLOYMENT_TARGET = 10.0;
				MTL_ENABLE_DEBUG_INFO = NO;
				SDKROOT = iphoneos;
				SWIFT_OPTIMIZATION_LEVEL = "-Owholemodule";
				VALIDATE_PRODUCT = YES;
			};
			name = Release;
		};
		B86EE3551F5D0B6D00FB6195 /* Debug */ = {
			isa = XCBuildConfiguration;
			buildSettings = {
				ALWAYS_EMBED_SWIFT_STANDARD_LIBRARIES = YES;
				ASSETCATALOG_COMPILER_APPICON_NAME = AppIcon;
				DEVELOPMENT_TEAM = 5LNF6678VM;
				FRAMEWORK_SEARCH_PATHS = (
					"$(inherited)",
					"$(PROJECT_DIR)/Carthage/Build/iOS",
				);
				INFOPLIST_FILE = Yan/Info.plist;
				LD_RUNPATH_SEARCH_PATHS = "$(inherited) @executable_path/Frameworks";
				PRODUCT_BUNDLE_IDENTIFIER = ApolloMillennium.Yan;
				PRODUCT_NAME = "$(TARGET_NAME)";
				SWIFT_VERSION = 3.0;
			};
			name = Debug;
		};
		B86EE3561F5D0B6D00FB6195 /* Release */ = {
			isa = XCBuildConfiguration;
			buildSettings = {
				ALWAYS_EMBED_SWIFT_STANDARD_LIBRARIES = YES;
				ASSETCATALOG_COMPILER_APPICON_NAME = AppIcon;
				DEVELOPMENT_TEAM = 5LNF6678VM;
				FRAMEWORK_SEARCH_PATHS = (
					"$(inherited)",
					"$(PROJECT_DIR)/Carthage/Build/iOS",
				);
				INFOPLIST_FILE = Yan/Info.plist;
				LD_RUNPATH_SEARCH_PATHS = "$(inherited) @executable_path/Frameworks";
				PRODUCT_BUNDLE_IDENTIFIER = ApolloMillennium.Yan;
				PRODUCT_NAME = "$(TARGET_NAME)";
				SWIFT_VERSION = 3.0;
			};
			name = Release;
		};
/* End XCBuildConfiguration section */

/* Begin XCConfigurationList section */
		B830205C1F5D12390014B165 /* Build configuration list for PBXNativeTarget "YanShare" */ = {
			isa = XCConfigurationList;
			buildConfigurations = (
				B830205A1F5D12390014B165 /* Debug */,
				B830205B1F5D12390014B165 /* Release */,
			);
			defaultConfigurationIsVisible = 0;
			defaultConfigurationName = Release;
		};
		B86EE33D1F5D0B6D00FB6195 /* Build configuration list for PBXProject "Yan" */ = {
			isa = XCConfigurationList;
			buildConfigurations = (
				B86EE3521F5D0B6D00FB6195 /* Debug */,
				B86EE3531F5D0B6D00FB6195 /* Release */,
			);
			defaultConfigurationIsVisible = 0;
			defaultConfigurationName = Release;
		};
		B86EE3541F5D0B6D00FB6195 /* Build configuration list for PBXNativeTarget "Yan" */ = {
			isa = XCConfigurationList;
			buildConfigurations = (
				B86EE3551F5D0B6D00FB6195 /* Debug */,
				B86EE3561F5D0B6D00FB6195 /* Release */,
			);
			defaultConfigurationIsVisible = 0;
			defaultConfigurationName = Release;
		};
/* End XCConfigurationList section */
	};
	rootObject = B86EE33A1F5D0B6D00FB6195 /* Project object */;
}
